
Microsoft Visual Studio Solution File, Format Version 12.00
# Visual Studio Version 16
VisualStudioVersion = 16.0.30105.148
MinimumVisualStudioVersion = 10.0.40219.1
Project("{9A19103F-16F7-4668-BE54-9A1E7A4F7556}") = "FSLib.App.SimpleUpdater", "FSLib.App.SimpleUpdater\FSLib.App.SimpleUpdater.csproj", "{21A701D7-063B-48E9-AE2F-5586A954B830}"
EndProject
Project("{FAE04EC0-301F-11D3-BF4B-00C04F79EFBC}") = "FSLib.App.SimpleUpdater.Generator", "FSLib.App.SimpleUpdater.Generator\FSLib.App.SimpleUpdater.Generator.csproj", "{8B5CD550-1566-417C-8180-AA0F57AFE979}"
	ProjectSection(ProjectDependencies) = postProject
		{57C6AF2B-BF51-4C0C-A11A-E902C8F77CB1} = {57C6AF2B-BF51-4C0C-A11A-E902C8F77CB1}
	EndProjectSection
EndProject
Project("{FAE04EC0-301F-11D3-BF4B-00C04F79EFBC}") = "FSLib.App.Utilities", "FSLib.App.Utilities\FSLib.App.Utilities.csproj", "{57C6AF2B-BF51-4C0C-A11A-E902C8F77CB1}"
EndProject
Project("{2150E333-8FDC-42A3-9474-1A3956D46DE8}") = "Tools", "Tools", "{DF50C946-AEEF-423A-AD8A-D2A4F342CEBF}"
	ProjectSection(SolutionItems) = preProject
		_Tools\FSLib.App.Utilities.exe = _Tools\FSLib.App.Utilities.exe
		更新附属工具集.cmd = 更新附属工具集.cmd
	EndProjectSection
EndProject
Project("{2150E333-8FDC-42A3-9474-1A3956D46DE8}") = "相关文件", "相关文件", "{ACE0B366-C027-4D08-866E-C9559936C99D}"
	ProjectSection(SolutionItems) = preProject
		content\App.config.install.xdt = content\App.config.install.xdt
		content\App.config.uninstall.xdt = content\App.config.uninstall.xdt
		FSLib.App.SimpleUpdater.nuspec = FSLib.App.SimpleUpdater.nuspec
		..\README.md = ..\README.md
	EndProjectSection
EndProject
Project("{FAE04EC0-301F-11D3-BF4B-00C04F79EFBC}") = "UpdateTestHost", "UpdateTestHost\UpdateTestHost.csproj", "{C80739B1-933B-4D7E-9810-E700770623AA}"
EndProject
Global
	GlobalSection(SolutionConfigurationPlatforms) = preSolution
		Debug|Any CPU = Debug|Any CPU
		Debug|Mixed Platforms = Debug|Mixed Platforms
		Release|Any CPU = Release|Any CPU
		Release|Mixed Platforms = Release|Mixed Platforms
	EndGlobalSection
	GlobalSection(ProjectConfigurationPlatforms) = postSolution
		{21A701D7-063B-48E9-AE2F-5586A954B830}.Debug|Any CPU.ActiveCfg = Debug|Any CPU
		{21A701D7-063B-48E9-AE2F-5586A954B830}.Debug|Any CPU.Build.0 = Debug|Any CPU
		{21A701D7-063B-48E9-AE2F-5586A954B830}.Debug|Mixed Platforms.ActiveCfg = Debug|Any CPU
		{21A701D7-063B-48E9-AE2F-5586A954B830}.Debug|Mixed Platforms.Build.0 = Debug|Any CPU
		{21A701D7-063B-48E9-AE2F-5586A954B830}.Release|Any CPU.ActiveCfg = Release|Any CPU
		{21A701D7-063B-48E9-AE2F-5586A954B830}.Release|Any CPU.Build.0 = Release|Any CPU
		{21A701D7-063B-48E9-AE2F-5586A954B830}.Release|Mixed Platforms.ActiveCfg = Release|Any CPU
		{21A701D7-063B-48E9-AE2F-5586A954B830}.Release|Mixed Platforms.Build.0 = Release|Any CPU
		{8B5CD550-1566-417C-8180-AA0F57AFE979}.Debug|Any CPU.ActiveCfg = Debug|Any CPU
		{8B5CD550-1566-417C-8180-AA0F57AFE979}.Debug|Any CPU.Build.0 = Debug|Any CPU
		{8B5CD550-1566-417C-8180-AA0F57AFE979}.Debug|Mixed Platforms.ActiveCfg = Debug|Any CPU
		{8B5CD550-1566-417C-8180-AA0F57AFE979}.Debug|Mixed Platforms.Build.0 = Debug|Any CPU
		{8B5CD550-1566-417C-8180-AA0F57AFE979}.Release|Any CPU.ActiveCfg = Release|Any CPU
		{8B5CD550-1566-417C-8180-AA0F57AFE979}.Release|Any CPU.Build.0 = Release|Any CPU
		{8B5CD550-1566-417C-8180-AA0F57AFE979}.Release|Mixed Platforms.ActiveCfg = Release|Any CPU
		{8B5CD550-1566-417C-8180-AA0F57AFE979}.Release|Mixed Platforms.Build.0 = Release|Any CPU
		{57C6AF2B-BF51-4C0C-A11A-E902C8F77CB1}.Debug|Any CPU.ActiveCfg = Debug|x86
		{57C6AF2B-BF51-4C0C-A11A-E902C8F77CB1}.Debug|Any CPU.Build.0 = Debug|x86
		{57C6AF2B-BF51-4C0C-A11A-E902C8F77CB1}.Debug|Mixed Platforms.ActiveCfg = Debug|x86
		{57C6AF2B-BF51-4C0C-A11A-E902C8F77CB1}.Debug|Mixed Platforms.Build.0 = Debug|x86
		{57C6AF2B-BF51-4C0C-A11A-E902C8F77CB1}.Release|Any CPU.ActiveCfg = Release|x86
		{57C6AF2B-BF51-4C0C-A11A-E902C8F77CB1}.Release|Any CPU.Build.0 = Release|x86
		{57C6AF2B-BF51-4C0C-A11A-E902C8F77CB1}.Release|Mixed Platforms.ActiveCfg = Release|x86
		{57C6AF2B-BF51-4C0C-A11A-E902C8F77CB1}.Release|Mixed Platforms.Build.0 = Release|x86
		{C80739B1-933B-4D7E-9810-E700770623AA}.Debug|Any CPU.ActiveCfg = Debug|Any CPU
		{C80739B1-933B-4D7E-9810-E700770623AA}.Debug|Any CPU.Build.0 = Debug|Any CPU
		{C80739B1-933B-4D7E-9810-E700770623AA}.Debug|Mixed Platforms.ActiveCfg = Debug|Any CPU
		{C80739B1-933B-4D7E-9810-E700770623AA}.Debug|Mixed Platforms.Build.0 = Debug|Any CPU
		{C80739B1-933B-4D7E-9810-E700770623AA}.Release|Any CPU.ActiveCfg = Release|Any CPU
		{C80739B1-933B-4D7E-9810-E700770623AA}.Release|Any CPU.Build.0 = Release|Any CPU
		{C80739B1-933B-4D7E-9810-E700770623AA}.Release|Mixed Platforms.ActiveCfg = Release|Any CPU
		{C80739B1-933B-4D7E-9810-E700770623AA}.Release|Mixed Platforms.Build.0 = Release|Any CPU
	EndGlobalSection
	GlobalSection(SolutionProperties) = preSolution
		HideSolutionNode = FALSE
	EndGlobalSection
	GlobalSection(ExtensibilityGlobals) = postSolution
		SolutionGuid = {C50100DC-CE22-4CA1-A341-B865C5548B69}
	EndGlobalSection
EndGlobal
